PODS:
  - SDCRelativeTimeIntervalFormatter (0.1.0)

DEPENDENCIES:
  - SDCRelativeTimeIntervalFormatter (from `../`)

EXTERNAL SOURCES:
  SDCRelativeTimeIntervalFormatter:
    :path: "../"

SPEC CHECKSUMS:
  SDCRelativeTimeIntervalFormatter: f0dfb1a9fc12687eb907fbba21dca387a75bfcb7

PODFILE CHECKSUM: c1c2cba035f6748d5c513a346af13fc9642d212c

COCOAPODS: 1.1.1
